
Microsoft Visual Studio Solution File, Format Version 12.00
# Visual Studio Version 17
VisualStudioVersion = 17.9.34622.214
MinimumVisualStudioVersion = 10.0.40219.1
Project("{FAE04EC0-301F-11D3-BF4B-00C04F79EFBC}") = "Hello World", "Hello World\Hello World.csproj", "{7AAD3181-A47D-4B35-B2BB-87F368DFA282}"
EndProject
Global
	GlobalSection(SolutionConfigurationPlatforms) = preSolution
		Debug|Any CPU = Debug|Any CPU
		Release|Any CPU = Release|Any CPU
	EndGlobalSection
	GlobalSection(ProjectConfigurationPlatforms) = postSolution
		{7AAD3181-A47D-4B35-B2BB-87F368DFA282}.Debug|Any CPU.ActiveCfg = Debug|Any CPU
		{7AAD3181-A47D-4B35-B2BB-87F368DFA282}.Debug|Any CPU.Build.0 = Debug|Any CPU
		{7AAD3181-A47D-4B35-B2BB-87F368DFA282}.Release|Any CPU.ActiveCfg = Release|Any CPU
		{7AAD3181-A47D-4B35-B2BB-87F368DFA282}.Release|Any CPU.Build.0 = Release|Any CPU
	EndGlobalSection
	GlobalSection(SolutionProperties) = preSolution
		HideSolutionNode = FALSE
	EndGlobalSection
	GlobalSection(ExtensibilityGlobals) = postSolution
		SolutionGuid = {10C25C13-25A6-4152-A8EF-EB123734D0FB}
	EndGlobalSection
EndGlobal
