
Microsoft Visual Studio Solution File, Format Version 12.00
# Visual Studio Version 17
VisualStudioVersion = 17.9.34622.214
MinimumVisualStudioVersion = 10.0.40219.1
Project("{FAE04EC0-301F-11D3-BF4B-00C04F79EFBC}") = "27.ExceptionHandling", "27.ExceptionHandling\27.ExceptionHandling.csproj", "{49920063-3CAB-4C33-A6CB-1F8B00A9F337}"
EndProject
Global
	GlobalSection(SolutionConfigurationPlatforms) = preSolution
		Debug|Any CPU = Debug|Any CPU
		Release|Any CPU = Release|Any CPU
	EndGlobalSection
	GlobalSection(ProjectConfigurationPlatforms) = postSolution
		{49920063-3CAB-4C33-A6CB-1F8B00A9F337}.Debug|Any CPU.ActiveCfg = Debug|Any CPU
		{49920063-3CAB-4C33-A6CB-1F8B00A9F337}.Debug|Any CPU.Build.0 = Debug|Any CPU
		{49920063-3CAB-4C33-A6CB-1F8B00A9F337}.Release|Any CPU.ActiveCfg = Release|Any CPU
		{49920063-3CAB-4C33-A6CB-1F8B00A9F337}.Release|Any CPU.Build.0 = Release|Any CPU
	EndGlobalSection
	GlobalSection(SolutionProperties) = preSolution
		HideSolutionNode = FALSE
	EndGlobalSection
	GlobalSection(ExtensibilityGlobals) = postSolution
		SolutionGuid = {2B2EDB5A-3AA2-4E38-B236-6C2B84D3B7E9}
	EndGlobalSection
EndGlobal
