
Microsoft Visual Studio Solution File, Format Version 12.00
# Visual Studio Version 17
VisualStudioVersion = 17.9.34622.214
MinimumVisualStudioVersion = 10.0.40219.1
Project("{FAE04EC0-301F-11D3-BF4B-00C04F79EFBC}") = "MVCCS", "MVCCS\MVCCS.csproj", "{27D81E51-3A38-4AB6-B19E-F5FDC2581828}"
EndProject
Global
	GlobalSection(SolutionConfigurationPlatforms) = preSolution
		Debug|Any CPU = Debug|Any CPU
		Release|Any CPU = Release|Any CPU
	EndGlobalSection
	GlobalSection(ProjectConfigurationPlatforms) = postSolution
		{27D81E51-3A38-4AB6-B19E-F5FDC2581828}.Debug|Any CPU.ActiveCfg = Debug|Any CPU
		{27D81E51-3A38-4AB6-B19E-F5FDC2581828}.Debug|Any CPU.Build.0 = Debug|Any CPU
		{27D81E51-3A38-4AB6-B19E-F5FDC2581828}.Release|Any CPU.ActiveCfg = Release|Any CPU
		{27D81E51-3A38-4AB6-B19E-F5FDC2581828}.Release|Any CPU.Build.0 = Release|Any CPU
	EndGlobalSection
	GlobalSection(SolutionProperties) = preSolution
		HideSolutionNode = FALSE
	EndGlobalSection
	GlobalSection(ExtensibilityGlobals) = postSolution
		SolutionGuid = {AA7787D9-AA92-49A9-8134-2AFBA9E8857D}
	EndGlobalSection
EndGlobal
